
Microsoft Visual Studio Solution File, Format Version 12.00
# Visual Studio 15
VisualStudioVersion = 15.0.28010.2041
MinimumVisualStudioVersion = 10.0.40219.1
Project("{FAE04EC0-301F-11D3-BF4B-00C04F79EFBC}") = "TestHarness", "TestHarness\TestHarness.csproj", "{E56434B6-A674-4EE0-B315-2A1711A1CBFE}"
EndProject
Project("{FAE04EC0-301F-11D3-BF4B-00C04F79EFBC}") = "ConsoleFx", "ConsoleFx\ConsoleFx.csproj", "{7DC038A5-0ECC-4EC3-8497-7C1504FA0113}"
EndProject
Project("{FAE04EC0-301F-11D3-BF4B-00C04F79EFBC}") = "MyNuGet", "MyNuGet\MyNuGet.csproj", "{3588ABA2-48EB-4EC9-89B7-4DEFAA60095C}"
EndProject
Project("{FAE04EC0-301F-11D3-BF4B-00C04F79EFBC}") = "ConsoleFx.ConsoleExtensions", "ConsoleFx.ConsoleExtensions\ConsoleFx.ConsoleExtensions.csproj", "{6A48EEB2-509B-46E5-9F72-8EFF5159CEF6}"
EndProject
Project("{FAE04EC0-301F-11D3-BF4B-00C04F79EFBC}") = "ConsoleFx.ConsoleExtensions.Tests", "ConsoleFx.ConsoleExtensions.Tests\ConsoleFx.ConsoleExtensions.Tests.csproj", "{557F1F59-D532-4AB1-B73C-CBCEA00B0B33}"
EndProject
Project("{FAE04EC0-301F-11D3-BF4B-00C04F79EFBC}") = "ConsoleFx.Capture", "ConsoleFx.Capture\ConsoleFx.Capture.csproj", "{4D757C69-82F6-4D94-B9DF-54FC4B2866EC}"
EndProject
Project("{FAE04EC0-301F-11D3-BF4B-00C04F79EFBC}") = "ConsoleFx.CmdLineParser.WindowsStyle", "ConsoleFx.CmdLineParser.WindowsStyle\ConsoleFx.CmdLineParser.WindowsStyle.csproj", "{0DBEE672-CFED-43C9-93C1-51837696091A}"
EndProject
Project("{FAE04EC0-301F-11D3-BF4B-00C04F79EFBC}") = "ConsoleFx.CmdLineParser.UnixStyle", "ConsoleFx.CmdLineParser.UnixStyle\ConsoleFx.CmdLineParser.UnixStyle.csproj", "{599D6421-BDE7-419F-92FB-5425A5FA27A4}"
EndProject
Global
	GlobalSection(SolutionConfigurationPlatforms) = preSolution
		Debug|Any CPU = Debug|Any CPU
		Release|Any CPU = Release|Any CPU
	EndGlobalSection
	GlobalSection(ProjectConfigurationPlatforms) = postSolution
		{E56434B6-A674-4EE0-B315-2A1711A1CBFE}.Debug|Any CPU.ActiveCfg = Debug|Any CPU
		{E56434B6-A674-4EE0-B315-2A1711A1CBFE}.Debug|Any CPU.Build.0 = Debug|Any CPU
		{E56434B6-A674-4EE0-B315-2A1711A1CBFE}.Release|Any CPU.ActiveCfg = Release|Any CPU
		{E56434B6-A674-4EE0-B315-2A1711A1CBFE}.Release|Any CPU.Build.0 = Release|Any CPU
		{7DC038A5-0ECC-4EC3-8497-7C1504FA0113}.Debug|Any CPU.ActiveCfg = Debug|Any CPU
		{7DC038A5-0ECC-4EC3-8497-7C1504FA0113}.Debug|Any CPU.Build.0 = Debug|Any CPU
		{7DC038A5-0ECC-4EC3-8497-7C1504FA0113}.Release|Any CPU.ActiveCfg = Release|Any CPU
		{7DC038A5-0ECC-4EC3-8497-7C1504FA0113}.Release|Any CPU.Build.0 = Release|Any CPU
		{3588ABA2-48EB-4EC9-89B7-4DEFAA60095C}.Debug|Any CPU.ActiveCfg = Debug|Any CPU
		{3588ABA2-48EB-4EC9-89B7-4DEFAA60095C}.Debug|Any CPU.Build.0 = Debug|Any CPU
		{3588ABA2-48EB-4EC9-89B7-4DEFAA60095C}.Release|Any CPU.ActiveCfg = Release|Any CPU
		{3588ABA2-48EB-4EC9-89B7-4DEFAA60095C}.Release|Any CPU.Build.0 = Release|Any CPU
		{6A48EEB2-509B-46E5-9F72-8EFF5159CEF6}.Debug|Any CPU.ActiveCfg = Debug|Any CPU
		{6A48EEB2-509B-46E5-9F72-8EFF5159CEF6}.Debug|Any CPU.Build.0 = Debug|Any CPU
		{6A48EEB2-509B-46E5-9F72-8EFF5159CEF6}.Release|Any CPU.ActiveCfg = Release|Any CPU
		{6A48EEB2-509B-46E5-9F72-8EFF5159CEF6}.Release|Any CPU.Build.0 = Release|Any CPU
		{557F1F59-D532-4AB1-B73C-CBCEA00B0B33}.Debug|Any CPU.ActiveCfg = Debug|Any CPU
		{557F1F59-D532-4AB1-B73C-CBCEA00B0B33}.Debug|Any CPU.Build.0 = Debug|Any CPU
		{557F1F59-D532-4AB1-B73C-CBCEA00B0B33}.Release|Any CPU.ActiveCfg = Release|Any CPU
		{557F1F59-D532-4AB1-B73C-CBCEA00B0B33}.Release|Any CPU.Build.0 = Release|Any CPU
		{4D757C69-82F6-4D94-B9DF-54FC4B2866EC}.Debug|Any CPU.ActiveCfg = Debug|Any CPU
		{4D757C69-82F6-4D94-B9DF-54FC4B2866EC}.Debug|Any CPU.Build.0 = Debug|Any CPU
		{4D757C69-82F6-4D94-B9DF-54FC4B2866EC}.Release|Any CPU.ActiveCfg = Release|Any CPU
		{4D757C69-82F6-4D94-B9DF-54FC4B2866EC}.Release|Any CPU.Build.0 = Release|Any CPU
		{0DBEE672-CFED-43C9-93C1-51837696091A}.Debug|Any CPU.ActiveCfg = Debug|Any CPU
		{0DBEE672-CFED-43C9-93C1-51837696091A}.Debug|Any CPU.Build.0 = Debug|Any CPU
		{0DBEE672-CFED-43C9-93C1-51837696091A}.Release|Any CPU.ActiveCfg = Release|Any CPU
		{0DBEE672-CFED-43C9-93C1-51837696091A}.Release|Any CPU.Build.0 = Release|Any CPU
		{599D6421-BDE7-419F-92FB-5425A5FA27A4}.Debug|Any CPU.ActiveCfg = Debug|Any CPU
		{599D6421-BDE7-419F-92FB-5425A5FA27A4}.Debug|Any CPU.Build.0 = Debug|Any CPU
		{599D6421-BDE7-419F-92FB-5425A5FA27A4}.Release|Any CPU.ActiveCfg = Release|Any CPU
		{599D6421-BDE7-419F-92FB-5425A5FA27A4}.Release|Any CPU.Build.0 = Release|Any CPU
	EndGlobalSection
	GlobalSection(SolutionProperties) = preSolution
		HideSolutionNode = FALSE
	EndGlobalSection
	GlobalSection(ExtensibilityGlobals) = postSolution
		SolutionGuid = {749E0893-E1E2-4ECD-9C74-6CC8FEE5E1D3}
	EndGlobalSection
EndGlobal
