
Microsoft Visual Studio Solution File, Format Version 12.00
# Visual Studio Version 16
VisualStudioVersion = 16.0.28803.352
MinimumVisualStudioVersion = 10.0.40219.1
Project("{2150E333-8FDC-42A3-9474-1A3956D46DE8}") = "src", "src", "{A663F470-1C59-42D2-B32E-AB3436EB39DD}"
EndProject
Project("{9A19103F-16F7-4668-BE54-9A1E7A4F7556}") = "Art", "src\Art\Art.csproj", "{D6BAE8E5-A38A-4A52-AFAC-8362E879E508}"
EndProject
Project("{9A19103F-16F7-4668-BE54-9A1E7A4F7556}") = "Capture", "src\Capture\Capture.csproj", "{760AE779-FFDB-47AB-8B46-5A7ED2C30B4F}"
EndProject
Project("{9A19103F-16F7-4668-BE54-9A1E7A4F7556}") = "ConsoleExtensions", "src\ConsoleExtensions\ConsoleExtensions.csproj", "{FFA0E0A7-4053-4F7E-96E5-3EADB89A7487}"
EndProject
Project("{9A19103F-16F7-4668-BE54-9A1E7A4F7556}") = "Prompter", "src\Prompter\Prompter.csproj", "{67F39F28-5779-4713-99EB-28D55BA98120}"
EndProject
Project("{2150E333-8FDC-42A3-9474-1A3956D46DE8}") = "test", "test", "{2B5DD9C7-9043-4E9E-8DDD-99318CD21433}"
EndProject
Project("{9A19103F-16F7-4668-BE54-9A1E7A4F7556}") = "TestHarness", "test\TestHarness\TestHarness.csproj", "{CC0D2F35-2B45-428B-A5C0-8D7AB8FB6B18}"
EndProject
Project("{9A19103F-16F7-4668-BE54-9A1E7A4F7556}") = "ConsoleExtensions.Tests", "test\ConsoleExtensions.Tests\ConsoleExtensions.Tests.csproj", "{956C4369-564A-4B1E-85EA-13BC117275E8}"
EndProject
Project("{9A19103F-16F7-4668-BE54-9A1E7A4F7556}") = "CmdLine.Abstractions", "src\CmdLine.Abstractions\CmdLine.Abstractions.csproj", "{4F434AEF-EB33-44FF-802A-811A731B2472}"
EndProject
Project("{9A19103F-16F7-4668-BE54-9A1E7A4F7556}") = "CmdLine.Parser", "src\CmdLine.Parser\CmdLine.Parser.csproj", "{432A3F46-B0F3-4FAC-B67B-C7248B336DCC}"
EndProject
Project("{9A19103F-16F7-4668-BE54-9A1E7A4F7556}") = "CmdLine.Program", "src\CmdLine.Program\CmdLine.Program.csproj", "{0536F5F7-32BD-4D7E-96EC-996CC61666B7}"
EndProject
Project("{9A19103F-16F7-4668-BE54-9A1E7A4F7556}") = "CmdLine.Abstractions.Tests", "test\CmdLine.Abstractions.Tests\CmdLine.Abstractions.Tests.csproj", "{E7C5874F-8BCF-4104-A95A-5F65E27F90DD}"
EndProject
Project("{2150E333-8FDC-42A3-9474-1A3956D46DE8}") = "metapackage", "metapackage", "{9F083CE0-B6DB-4C18-AB85-8EC5A0117771}"
EndProject
Project("{9A19103F-16F7-4668-BE54-9A1E7A4F7556}") = "ConsoleFx", "metapackage\ConsoleFx\ConsoleFx.csproj", "{19EE71E6-C15A-40E3-A34D-061268374D0F}"
EndProject
Global
	GlobalSection(SolutionConfigurationPlatforms) = preSolution
		Debug|Any CPU = Debug|Any CPU
		Release|Any CPU = Release|Any CPU
	EndGlobalSection
	GlobalSection(ProjectConfigurationPlatforms) = postSolution
		{D6BAE8E5-A38A-4A52-AFAC-8362E879E508}.Debug|Any CPU.ActiveCfg = Debug|Any CPU
		{D6BAE8E5-A38A-4A52-AFAC-8362E879E508}.Debug|Any CPU.Build.0 = Debug|Any CPU
		{D6BAE8E5-A38A-4A52-AFAC-8362E879E508}.Release|Any CPU.ActiveCfg = Release|Any CPU
		{D6BAE8E5-A38A-4A52-AFAC-8362E879E508}.Release|Any CPU.Build.0 = Release|Any CPU
		{760AE779-FFDB-47AB-8B46-5A7ED2C30B4F}.Debug|Any CPU.ActiveCfg = Debug|Any CPU
		{760AE779-FFDB-47AB-8B46-5A7ED2C30B4F}.Debug|Any CPU.Build.0 = Debug|Any CPU
		{760AE779-FFDB-47AB-8B46-5A7ED2C30B4F}.Release|Any CPU.ActiveCfg = Release|Any CPU
		{760AE779-FFDB-47AB-8B46-5A7ED2C30B4F}.Release|Any CPU.Build.0 = Release|Any CPU
		{FFA0E0A7-4053-4F7E-96E5-3EADB89A7487}.Debug|Any CPU.ActiveCfg = Debug|Any CPU
		{FFA0E0A7-4053-4F7E-96E5-3EADB89A7487}.Release|Any CPU.ActiveCfg = Release|Any CPU
		{FFA0E0A7-4053-4F7E-96E5-3EADB89A7487}.Release|Any CPU.Build.0 = Release|Any CPU
		{67F39F28-5779-4713-99EB-28D55BA98120}.Debug|Any CPU.ActiveCfg = Debug|Any CPU
		{67F39F28-5779-4713-99EB-28D55BA98120}.Release|Any CPU.ActiveCfg = Release|Any CPU
		{67F39F28-5779-4713-99EB-28D55BA98120}.Release|Any CPU.Build.0 = Release|Any CPU
		{CC0D2F35-2B45-428B-A5C0-8D7AB8FB6B18}.Debug|Any CPU.ActiveCfg = Debug|Any CPU
		{CC0D2F35-2B45-428B-A5C0-8D7AB8FB6B18}.Release|Any CPU.ActiveCfg = Release|Any CPU
		{CC0D2F35-2B45-428B-A5C0-8D7AB8FB6B18}.Release|Any CPU.Build.0 = Release|Any CPU
		{956C4369-564A-4B1E-85EA-13BC117275E8}.Debug|Any CPU.ActiveCfg = Debug|Any CPU
		{956C4369-564A-4B1E-85EA-13BC117275E8}.Release|Any CPU.ActiveCfg = Release|Any CPU
		{956C4369-564A-4B1E-85EA-13BC117275E8}.Release|Any CPU.Build.0 = Release|Any CPU
		{4F434AEF-EB33-44FF-802A-811A731B2472}.Debug|Any CPU.ActiveCfg = Debug|Any CPU
		{4F434AEF-EB33-44FF-802A-811A731B2472}.Debug|Any CPU.Build.0 = Debug|Any CPU
		{4F434AEF-EB33-44FF-802A-811A731B2472}.Release|Any CPU.ActiveCfg = Release|Any CPU
		{4F434AEF-EB33-44FF-802A-811A731B2472}.Release|Any CPU.Build.0 = Release|Any CPU
		{432A3F46-B0F3-4FAC-B67B-C7248B336DCC}.Debug|Any CPU.ActiveCfg = Debug|Any CPU
		{432A3F46-B0F3-4FAC-B67B-C7248B336DCC}.Debug|Any CPU.Build.0 = Debug|Any CPU
		{432A3F46-B0F3-4FAC-B67B-C7248B336DCC}.Release|Any CPU.ActiveCfg = Release|Any CPU
		{432A3F46-B0F3-4FAC-B67B-C7248B336DCC}.Release|Any CPU.Build.0 = Release|Any CPU
		{0536F5F7-32BD-4D7E-96EC-996CC61666B7}.Debug|Any CPU.ActiveCfg = Debug|Any CPU
		{0536F5F7-32BD-4D7E-96EC-996CC61666B7}.Debug|Any CPU.Build.0 = Debug|Any CPU
		{0536F5F7-32BD-4D7E-96EC-996CC61666B7}.Release|Any CPU.ActiveCfg = Release|Any CPU
		{0536F5F7-32BD-4D7E-96EC-996CC61666B7}.Release|Any CPU.Build.0 = Release|Any CPU
		{E7C5874F-8BCF-4104-A95A-5F65E27F90DD}.Debug|Any CPU.ActiveCfg = Debug|Any CPU
		{E7C5874F-8BCF-4104-A95A-5F65E27F90DD}.Debug|Any CPU.Build.0 = Debug|Any CPU
		{E7C5874F-8BCF-4104-A95A-5F65E27F90DD}.Release|Any CPU.ActiveCfg = Release|Any CPU
		{E7C5874F-8BCF-4104-A95A-5F65E27F90DD}.Release|Any CPU.Build.0 = Release|Any CPU
		{19EE71E6-C15A-40E3-A34D-061268374D0F}.Debug|Any CPU.ActiveCfg = Debug|Any CPU
		{19EE71E6-C15A-40E3-A34D-061268374D0F}.Release|Any CPU.ActiveCfg = Release|Any CPU
		{19EE71E6-C15A-40E3-A34D-061268374D0F}.Release|Any CPU.Build.0 = Release|Any CPU
	EndGlobalSection
	GlobalSection(SolutionProperties) = preSolution
		HideSolutionNode = FALSE
	EndGlobalSection
	GlobalSection(NestedProjects) = preSolution
		{D6BAE8E5-A38A-4A52-AFAC-8362E879E508} = {A663F470-1C59-42D2-B32E-AB3436EB39DD}
		{760AE779-FFDB-47AB-8B46-5A7ED2C30B4F} = {A663F470-1C59-42D2-B32E-AB3436EB39DD}
		{FFA0E0A7-4053-4F7E-96E5-3EADB89A7487} = {A663F470-1C59-42D2-B32E-AB3436EB39DD}
		{67F39F28-5779-4713-99EB-28D55BA98120} = {A663F470-1C59-42D2-B32E-AB3436EB39DD}
		{CC0D2F35-2B45-428B-A5C0-8D7AB8FB6B18} = {2B5DD9C7-9043-4E9E-8DDD-99318CD21433}
		{956C4369-564A-4B1E-85EA-13BC117275E8} = {2B5DD9C7-9043-4E9E-8DDD-99318CD21433}
		{4F434AEF-EB33-44FF-802A-811A731B2472} = {A663F470-1C59-42D2-B32E-AB3436EB39DD}
		{432A3F46-B0F3-4FAC-B67B-C7248B336DCC} = {A663F470-1C59-42D2-B32E-AB3436EB39DD}
		{0536F5F7-32BD-4D7E-96EC-996CC61666B7} = {A663F470-1C59-42D2-B32E-AB3436EB39DD}
		{E7C5874F-8BCF-4104-A95A-5F65E27F90DD} = {2B5DD9C7-9043-4E9E-8DDD-99318CD21433}
		{19EE71E6-C15A-40E3-A34D-061268374D0F} = {9F083CE0-B6DB-4C18-AB85-8EC5A0117771}
	EndGlobalSection
	GlobalSection(ExtensibilityGlobals) = postSolution
		SolutionGuid = {749E0893-E1E2-4ECD-9C74-6CC8FEE5E1D3}
	EndGlobalSection
EndGlobal
